// !$*UTF8*$!
{
	archiveVersion = 1;
	classes = {
	};
	objectVersion = 46;
	objects = {

/* Begin PBXBuildFile section */
		9C579FFB1ADA5D8D00BC3AD7 /* View.m in Sources */ = {isa = PBXBuildFile; fileRef = 9C579FFA1ADA5D8D00BC3AD7 /* View.m */; };
		9CFC90751AA4ECFE001E3ABA /* AppDelegate.m in Sources */ = {isa = PBXBuildFile; fileRef = 9CFC90741AA4ECFE001E3ABA /* AppDelegate.m */; };
		9CFC90771AA4ECFE001E3ABA /* main.m in Sources */ = {isa = PBXBuildFile; fileRef = 9CFC90761AA4ECFE001E3ABA /* main.m */; };
		9CFC907A1AA4ECFE001E3ABA /* ViewController.m in Sources */ = {isa = PBXBuildFile; fileRef = 9CFC90791AA4ECFE001E3ABA /* ViewController.m */; };
		9CFC907C1AA4ECFE001E3ABA /* Images.xcassets in Resources */ = {isa = PBXBuildFile; fileRef = 9CFC907B1AA4ECFE001E3ABA /* Images.xcassets */; };
		9CFC907F1AA4ECFE001E3ABA /* Main.storyboard in Resources */ = {isa = PBXBuildFile; fileRef = 9CFC907D1AA4ECFE001E3ABA /* Main.storyboard */; };
		9CFC908B1AA4ECFF001E3ABA /* Fingerpad2Tests.m in Sources */ = {isa = PBXBuildFile; fileRef = 9CFC908A1AA4ECFF001E3ABA /* Fingerpad2Tests.m */; };
		9CFC90951AA4F796001E3ABA /* redfill.png in Resources */ = {isa = PBXBuildFile; fileRef = 9CFC90941AA4F796001E3ABA /* redfill.png */; };
/* End PBXBuildFile section */

/* Begin PBXContainerItemProxy section */
		9CFC90851AA4ECFF001E3ABA /* PBXContainerItemProxy */ = {
			isa = PBXContainerItemProxy;
			containerPortal = 9CFC90661AA4ECFE001E3ABA /* Project object */;
			proxyType = 1;
			remoteGlobalIDString = 9CFC906D1AA4ECFE001E3ABA;
			remoteInfo = Fingerpad2;
		};
/* End PBXContainerItemProxy section */

/* Begin PBXFileReference section */
		9C579FF91ADA5D8D00BC3AD7 /* View.h */ = {isa = PBXFileReference; fileEncoding = 4; lastKnownFileType = sourcecode.c.h; path = View.h; sourceTree = "<group>"; };
		9C579FFA1ADA5D8D00BC3AD7 /* View.m */ = {isa = PBXFileReference; fileEncoding = 4; lastKnownFileType = sourcecode.c.objc; path = View.m; sourceTree = "<group>"; };
		9CFC906E1AA4ECFE001E3ABA /* Fingerpad2.app */ = {isa = PBXFileReference; explicitFileType = wrapper.application; includeInIndex = 0; path = Fingerpad2.app; sourceTree = BUILT_PRODUCTS_DIR; };
		9CFC90721AA4ECFE001E3ABA /* Info.plist */ = {isa = PBXFileReference; lastKnownFileType = text.plist.xml; path = Info.plist; sourceTree = "<group>"; };
		9CFC90731AA4ECFE001E3ABA /* AppDelegate.h */ = {isa = PBXFileReference; lastKnownFileType = sourcecode.c.h; path = AppDelegate.h; sourceTree = "<group>"; };
		9CFC90741AA4ECFE001E3ABA /* AppDelegate.m */ = {isa = PBXFileReference; lastKnownFileType = sourcecode.c.objc; path = AppDelegate.m; sourceTree = "<group>"; };
		9CFC90761AA4ECFE001E3ABA /* main.m */ = {isa = PBXFileReference; lastKnownFileType = sourcecode.c.objc; path = main.m; sourceTree = "<group>"; };
		9CFC90781AA4ECFE001E3ABA /* ViewController.h */ = {isa = PBXFileReference; lastKnownFileType = sourcecode.c.h; path = ViewController.h; sourceTree = "<group>"; };
		9CFC90791AA4ECFE001E3ABA /* ViewController.m */ = {isa = PBXFileReference; lastKnownFileType = sourcecode.c.objc; path = ViewController.m; sourceTree = "<group>"; };
		9CFC907B1AA4ECFE001E3ABA /* Images.xcassets */ = {isa = PBXFileReference; lastKnownFileType = folder.assetcatalog; path = Images.xcassets; sourceTree = "<group>"; };
		9CFC907E1AA4ECFE001E3ABA /* Base */ = {isa = PBXFileReference; lastKnownFileType = file.storyboard; name = Base; path = Base.lproj/Main.storyboard; sourceTree = "<group>"; };
		9CFC90841AA4ECFF001E3ABA /* Fingerpad2Tests.xctest */ = {isa = PBXFileReference; explicitFileType = wrapper.cfbundle; includeInIndex = 0; path = Fingerpad2Tests.xctest; sourceTree = BUILT_PRODUCTS_DIR; };
		9CFC90891AA4ECFF001E3ABA /* Info.plist */ = {isa = PBXFileReference; lastKnownFileType = text.plist.xml; path = Info.plist; sourceTree = "<group>"; };
		9CFC908A1AA4ECFF001E3ABA /* Fingerpad2Tests.m */ = {isa = PBXFileReference; lastKnownFileType = sourcecode.c.objc; path = Fingerpad2Tests.m; sourceTree = "<group>"; };
		9CFC90941AA4F796001E3ABA /* redfill.png */ = {isa = PBXFileReference; lastKnownFileType = image.png; name = redfill.png; path = ../../Downloads/redfill.png; sourceTree = "<group>"; };
/* End PBXFileReference section */

/* Begin PBXFrameworksBuildPhase section */
		9CFC906B1AA4ECFE001E3ABA /* Frameworks */ = {
			isa = PBXFrameworksBuildPhase;
			buildActionMask = 2147483647;
			files = (
			);
			runOnlyForDeploymentPostprocessing = 0;
		};
		9CFC90811AA4ECFF001E3ABA /* Frameworks */ = {
			isa = PBXFrameworksBuildPhase;
			buildActionMask = 2147483647;
			files = (
			);
			runOnlyForDeploymentPostprocessing = 0;
		};
/* End PBXFrameworksBuildPhase section */

/* Begin PBXGroup section */
		9CFC90651AA4ECFE001E3ABA = {
			isa = PBXGroup;
			children = (
				9CFC90701AA4ECFE001E3ABA /* Fingerpad2 */,
				9CFC90871AA4ECFF001E3ABA /* Fingerpad2Tests */,
				9CFC906F1AA4ECFE001E3ABA /* Products */,
			);
			sourceTree = "<group>";
		};
		9CFC906F1AA4ECFE001E3ABA /* Products */ = {
			isa = PBXGroup;
			children = (
				9CFC906E1AA4ECFE001E3ABA /* Fingerpad2.app */,
				9CFC90841AA4ECFF001E3ABA /* Fingerpad2Tests.xctest */,
			);
			name = Products;
			sourceTree = "<group>";
		};
		9CFC90701AA4ECFE001E3ABA /* Fingerpad2 */ = {
			isa = PBXGroup;
			children = (
				9CFC90731AA4ECFE001E3ABA /* AppDelegate.h */,
				9CFC90941AA4F796001E3ABA /* redfill.png */,
				9CFC90741AA4ECFE001E3ABA /* AppDelegate.m */,
				9CFC90781AA4ECFE001E3ABA /* ViewController.h */,
				9CFC90791AA4ECFE001E3ABA /* ViewController.m */,
				9CFC907B1AA4ECFE001E3ABA /* Images.xcassets */,
				9CFC907D1AA4ECFE001E3ABA /* Main.storyboard */,
				9CFC90711AA4ECFE001E3ABA /* Supporting Files */,
				9C579FF91ADA5D8D00BC3AD7 /* View.h */,
				9C579FFA1ADA5D8D00BC3AD7 /* View.m */,
			);
			path = Fingerpad2;
			sourceTree = "<group>";
		};
		9CFC90711AA4ECFE001E3ABA /* Supporting Files */ = {
			isa = PBXGroup;
			children = (
				9CFC90721AA4ECFE001E3ABA /* Info.plist */,
				9CFC90761AA4ECFE001E3ABA /* main.m */,
			);
			name = "Supporting Files";
			sourceTree = "<group>";
		};
		9CFC90871AA4ECFF001E3ABA /* Fingerpad2Tests */ = {
			isa = PBXGroup;
			children = (
				9CFC908A1AA4ECFF001E3ABA /* Fingerpad2Tests.m */,
				9CFC90881AA4ECFF001E3ABA /* Supporting Files */,
			);
			path = Fingerpad2Tests;
			sourceTree = "<group>";
		};
		9CFC90881AA4ECFF001E3ABA /* Supporting Files */ = {
			isa = PBXGroup;
			children = (
				9CFC90891AA4ECFF001E3ABA /* Info.plist */,
			);
			name = "Supporting Files";
			sourceTree = "<group>";
		};
/* End PBXGroup section */

/* Begin PBXNativeTarget section */
		9CFC906D1AA4ECFE001E3ABA /* Fingerpad2 */ = {
			isa = PBXNativeTarget;
			buildConfigurationList = 9CFC908E1AA4ECFF001E3ABA /* Build configuration list for PBXNativeTarget "Fingerpad2" */;
			buildPhases = (
				9CFC906A1AA4ECFE001E3ABA /* Sources */,
				9CFC906B1AA4ECFE001E3ABA /* Frameworks */,
				9CFC906C1AA4ECFE001E3ABA /* Resources */,
			);
			buildRules = (
			);
			dependencies = (
			);
			name = Fingerpad2;
			productName = Fingerpad2;
			productReference = 9CFC906E1AA4ECFE001E3ABA /* Fingerpad2.app */;
			productType = "com.apple.product-type.application";
		};
		9CFC90831AA4ECFF001E3ABA /* Fingerpad2Tests */ = {
			isa = PBXNativeTarget;
			buildConfigurationList = 9CFC90911AA4ECFF001E3ABA /* Build configuration list for PBXNativeTarget "Fingerpad2Tests" */;
			buildPhases = (
				9CFC90801AA4ECFF001E3ABA /* Sources */,
				9CFC90811AA4ECFF001E3ABA /* Frameworks */,
				9CFC90821AA4ECFF001E3ABA /* Resources */,
			);
			buildRules = (
			);
			dependencies = (
				9CFC90861AA4ECFF001E3ABA /* PBXTargetDependency */,
			);
			name = Fingerpad2Tests;
			productName = Fingerpad2Tests;
			productReference = 9CFC90841AA4ECFF001E3ABA /* Fingerpad2Tests.xctest */;
			productType = "com.apple.product-type.bundle.unit-test";
		};
/* End PBXNativeTarget section */

/* Begin PBXProject section */
		9CFC90661AA4ECFE001E3ABA /* Project object */ = {
			isa = PBXProject;
			attributes = {
				LastUpgradeCheck = 0610;
				ORGANIZATIONNAME = "Ricky Ayoub";
				TargetAttributes = {
					9CFC906D1AA4ECFE001E3ABA = {
						CreatedOnToolsVersion = 6.1;
					};
					9CFC90831AA4ECFF001E3ABA = {
						CreatedOnToolsVersion = 6.1;
						TestTargetID = 9CFC906D1AA4ECFE001E3ABA;
					};
				};
			};
			buildConfigurationList = 9CFC90691AA4ECFE001E3ABA /* Build configuration list for PBXProject "Fingerpad2" */;
			compatibilityVersion = "Xcode 3.2";
			developmentRegion = English;
			hasScannedForEncodings = 0;
			knownRegions = (
				en,
				Base,
			);
			mainGroup = 9CFC90651AA4ECFE001E3ABA;
			productRefGroup = 9CFC906F1AA4ECFE001E3ABA /* Products */;
			projectDirPath = "";
			projectRoot = "";
			targets = (
				9CFC906D1AA4ECFE001E3ABA /* Fingerpad2 */,
				9CFC90831AA4ECFF001E3ABA /* Fingerpad2Tests */,
			);
		};
/* End PBXProject section */

/* Begin PBXResourcesBuildPhase section */
		9CFC906C1AA4ECFE001E3ABA /* Resources */ = {
			isa = PBXResourcesBuildPhase;
			buildActionMask = 2147483647;
			files = (
				9CFC907C1AA4ECFE001E3ABA /* Images.xcassets in Resources */,
				9CFC907F1AA4ECFE001E3ABA /* Main.storyboard in Resources */,
				9CFC90951AA4F796001E3ABA /* redfill.png in Resources */,
			);
			runOnlyForDeploymentPostprocessing = 0;
		};
		9CFC90821AA4ECFF001E3ABA /* Resources */ = {
			isa = PBXResourcesBuildPhase;
			buildActionMask = 2147483647;
			files = (
			);
			runOnlyForDeploymentPostprocessing = 0;
		};
/* End PBXResourcesBuildPhase section */

/* Begin PBXSourcesBuildPhase section */
		9CFC906A1AA4ECFE001E3ABA /* Sources */ = {
			isa = PBXSourcesBuildPhase;
			buildActionMask = 2147483647;
			files = (
				9C579FFB1ADA5D8D00BC3AD7 /* View.m in Sources */,
				9CFC907A1AA4ECFE001E3ABA /* ViewController.m in Sources */,
				9CFC90771AA4ECFE001E3ABA /* main.m in Sources */,
				9CFC90751AA4ECFE001E3ABA /* AppDelegate.m in Sources */,
			);
			runOnlyForDeploymentPostprocessing = 0;
		};
		9CFC90801AA4ECFF001E3ABA /* Sources */ = {
			isa = PBXSourcesBuildPhase;
			buildActionMask = 2147483647;
			files = (
				9CFC908B1AA4ECFF001E3ABA /* Fingerpad2Tests.m in Sources */,
			);
			runOnlyForDeploymentPostprocessing = 0;
		};
/* End PBXSourcesBuildPhase section */

/* Begin PBXTargetDependency section */
		9CFC90861AA4ECFF001E3ABA /* PBXTargetDependency */ = {
			isa = PBXTargetDependency;
			target = 9CFC906D1AA4ECFE001E3ABA /* Fingerpad2 */;
			targetProxy = 9CFC90851AA4ECFF001E3ABA /* PBXContainerItemProxy */;
		};
/* End PBXTargetDependency section */

/* Begin PBXVariantGroup section */
		9CFC907D1AA4ECFE001E3ABA /* Main.storyboard */ = {
			isa = PBXVariantGroup;
			children = (
				9CFC907E1AA4ECFE001E3ABA /* Base */,
			);
			name = Main.storyboard;
			sourceTree = "<group>";
		};
/* End PBXVariantGroup section */

/* Begin XCBuildConfiguration section */
		9CFC908C1AA4ECFF001E3ABA /* Debug */ = {
			isa = XCBuildConfiguration;
			buildSettings = {
				ALWAYS_SEARCH_USER_PATHS = NO;
				CLANG_CXX_LANGUAGE_STANDARD = "gnu++0x";
				CLANG_CXX_LIBRARY = "libc++";
				CLANG_ENABLE_MODULES = YES;
				CLANG_ENABLE_OBJC_ARC = YES;
				CLANG_WARN_BOOL_CONVERSION = YES;
				CLANG_WARN_CONSTANT_CONVERSION = YES;
				CLANG_WARN_DIRECT_OBJC_ISA_USAGE = YES_ERROR;
				CLANG_WARN_EMPTY_BODY = YES;
				CLANG_WARN_ENUM_CONVERSION = YES;
				CLANG_WARN_INT_CONVERSION = YES;
				CLANG_WARN_OBJC_ROOT_CLASS = YES_ERROR;
				CLANG_WARN_UNREACHABLE_CODE = YES;
				CLANG_WARN__DUPLICATE_METHOD_MATCH = YES;
				CODE_SIGN_IDENTITY = "-";
				COPY_PHASE_STRIP = NO;
				ENABLE_STRICT_OBJC_MSGSEND = YES;
				GCC_C_LANGUAGE_STANDARD = gnu99;
				GCC_DYNAMIC_NO_PIC = NO;
				GCC_OPTIMIZATION_LEVEL = 0;
				GCC_PREPROCESSOR_DEFINITIONS = (
					"DEBUG=1",
					"$(inherited)",
				);
				GCC_SYMBOLS_PRIVATE_EXTERN = NO;
				GCC_WARN_64_TO_32_BIT_CONVERSION = YES;
				GCC_WARN_ABOUT_RETURN_TYPE = YES_ERROR;
				GCC_WARN_UNDECLARED_SELECTOR = YES;
				GCC_WARN_UNINITIALIZED_AUTOS = YES_AGGRESSIVE;
				GCC_WARN_UNUSED_FUNCTION = YES;
				GCC_WARN_UNUSED_VARIABLE = YES;
				MACOSX_DEPLOYMENT_TARGET = 10.10;
				MTL_ENABLE_DEBUG_INFO = YES;
				ONLY_ACTIVE_ARCH = YES;
				SDKROOT = macosx;
			};
			name = Debug;
		};
		9CFC908D1AA4ECFF001E3ABA /* Release */ = {
			isa = XCBuildConfiguration;
			buildSettings = {
				ALWAYS_SEARCH_USER_PATHS = NO;
				CLANG_CXX_LANGUAGE_STANDARD = "gnu++0x";
				CLANG_CXX_LIBRARY = "libc++";
				CLANG_ENABLE_MODULES = YES;
				CLANG_ENABLE_OBJC_ARC = YES;
				CLANG_WARN_BOOL_CONVERSION = YES;
				CLANG_WARN_CONSTANT_CONVERSION = YES;
				CLANG_WARN_DIRECT_OBJC_ISA_USAGE = YES_ERROR;
				CLANG_WARN_EMPTY_BODY = YES;
				CLANG_WARN_ENUM_CONVERSION = YES;
				CLANG_WARN_INT_CONVERSION = YES;
				CLANG_WARN_OBJC_ROOT_CLASS = YES_ERROR;
				CLANG_WARN_UNREACHABLE_CODE = YES;
				CLANG_WARN__DUPLICATE_METHOD_MATCH = YES;
				CODE_SIGN_IDENTITY = "-";
				COPY_PHASE_STRIP = YES;
				DEBUG_INFORMATION_FORMAT = "dwarf-with-dsym";
				ENABLE_NS_ASSERTIONS = NO;
				ENABLE_STRICT_OBJC_MSGSEND = YES;
				GCC_C_LANGUAGE_STANDARD = gnu99;
				GCC_WARN_64_TO_32_BIT_CONVERSION = YES;
				GCC_WARN_ABOUT_RETURN_TYPE = YES_ERROR;
				GCC_WARN_UNDECLARED_SELECTOR = YES;
				GCC_WARN_UNINITIALIZED_AUTOS = YES_AGGRESSIVE;
				GCC_WARN_UNUSED_FUNCTION = YES;
				GCC_WARN_UNUSED_VARIABLE = YES;
				MACOSX_DEPLOYMENT_TARGET = 10.10;
				MTL_ENABLE_DEBUG_INFO = NO;
				SDKROOT = macosx;
			};
			name = Release;
		};
		9CFC908F1AA4ECFF001E3ABA /* Debug */ = {
			isa = XCBuildConfiguration;
			buildSettings = {
				ASSETCATALOG_COMPILER_APPICON_NAME = AppIcon;
				COMBINE_HIDPI_IMAGES = YES;
				INFOPLIST_FILE = Fingerpad2/Info.plist;
				LD_RUNPATH_SEARCH_PATHS = "$(inherited) @executable_path/../Frameworks";
				PRODUCT_NAME = "$(TARGET_NAME)";
			};
			name = Debug;
		};
		9CFC90901AA4ECFF001E3ABA /* Release */ = {
			isa = XCBuildConfiguration;
			buildSettings = {
				ASSETCATALOG_COMPILER_APPICON_NAME = AppIcon;
				COMBINE_HIDPI_IMAGES = YES;
				INFOPLIST_FILE = Fingerpad2/Info.plist;
				LD_RUNPATH_SEARCH_PATHS = "$(inherited) @executable_path/../Frameworks";
				PRODUCT_NAME = "$(TARGET_NAME)";
			};
			name = Release;
		};
		9CFC90921AA4ECFF001E3ABA /* Debug */ = {
			isa = XCBuildConfiguration;
			buildSettings = {
				BUNDLE_LOADER = "$(TEST_HOST)";
				COMBINE_HIDPI_IMAGES = YES;
				FRAMEWORK_SEARCH_PATHS = (
					"$(DEVELOPER_FRAMEWORKS_DIR)",
					"$(inherited)",
				);
				GCC_PREPROCESSOR_DEFINITIONS = (
					"DEBUG=1",
					"$(inherited)",
				);
				INFOPLIST_FILE = Fingerpad2Tests/Info.plist;
				LD_RUNPATH_SEARCH_PATHS = "$(inherited) @executable_path/../Frameworks @loader_path/../Frameworks";
				PRODUCT_NAME = "$(TARGET_NAME)";
				TEST_HOST = "$(BUILT_PRODUCTS_DIR)/Fingerpad2.app/Contents/MacOS/Fingerpad2";
			};
			name = Debug;
		};
		9CFC90931AA4ECFF001E3ABA /* Release */ = {
			isa = XCBuildConfiguration;
			buildSettings = {
				BUNDLE_LOADER = "$(TEST_HOST)";
				COMBINE_HIDPI_IMAGES = YES;
				FRAMEWORK_SEARCH_PATHS = (
					"$(DEVELOPER_FRAMEWORKS_DIR)",
					"$(inherited)",
				);
				INFOPLIST_FILE = Fingerpad2Tests/Info.plist;
				LD_RUNPATH_SEARCH_PATHS = "$(inherited) @executable_path/../Frameworks @loader_path/../Frameworks";
				PRODUCT_NAME = "$(TARGET_NAME)";
				TEST_HOST = "$(BUILT_PRODUCTS_DIR)/Fingerpad2.app/Contents/MacOS/Fingerpad2";
			};
			name = Release;
		};
/* End XCBuildConfiguration section */

/* Begin XCConfigurationList section */
		9CFC90691AA4ECFE001E3ABA /* Build configuration list for PBXProject "Fingerpad2" */ = {
			isa = XCConfigurationList;
			buildConfigurations = (
				9CFC908C1AA4ECFF001E3ABA /* Debug */,
				9CFC908D1AA4ECFF001E3ABA /* Release */,
			);
			defaultConfigurationIsVisible = 0;
			defaultConfigurationName = Release;
		};
		9CFC908E1AA4ECFF001E3ABA /* Build configuration list for PBXNativeTarget "Fingerpad2" */ = {
			isa = XCConfigurationList;
			buildConfigurations = (
				9CFC908F1AA4ECFF001E3ABA /* Debug */,
				9CFC90901AA4ECFF001E3ABA /* Release */,
			);
			defaultConfigurationIsVisible = 0;
			defaultConfigurationName = Release;
		};
		9CFC90911AA4ECFF001E3ABA /* Build configuration list for PBXNativeTarget "Fingerpad2Tests" */ = {
			isa = XCConfigurationList;
			buildConfigurations = (
				9CFC90921AA4ECFF001E3ABA /* Debug */,
				9CFC90931AA4ECFF001E3ABA /* Release */,
			);
			defaultConfigurationIsVisible = 0;
			defaultConfigurationName = Release;
		};
/* End XCConfigurationList section */
	};
	rootObject = 9CFC90661AA4ECFE001E3ABA /* Project object */;
}
